
Microsoft Visual Studio Solution File, Format Version 12.00
# Visual Studio Version 17
VisualStudioVersion = 17.1.32407.343
MinimumVisualStudioVersion = 10.0.40219.1
Project("{9A19103F-16F7-4668-BE54-9A1E7A4F7556}") = "Pessoa List SEP", "Pessoa List SEP.csproj", "{86A43897-D405-4AF9-BFFA-86291A63C636}"
EndProject
Global
	GlobalSection(SolutionConfigurationPlatforms) = preSolution
		Debug|Any CPU = Debug|Any CPU
		Release|Any CPU = Release|Any CPU
	EndGlobalSection
	GlobalSection(ProjectConfigurationPlatforms) = postSolution
		{86A43897-D405-4AF9-BFFA-86291A63C636}.Debug|Any CPU.ActiveCfg = Debug|Any CPU
		{86A43897-D405-4AF9-BFFA-86291A63C636}.Debug|Any CPU.Build.0 = Debug|Any CPU
		{86A43897-D405-4AF9-BFFA-86291A63C636}.Release|Any CPU.ActiveCfg = Release|Any CPU
		{86A43897-D405-4AF9-BFFA-86291A63C636}.Release|Any CPU.Build.0 = Release|Any CPU
	EndGlobalSection
	GlobalSection(SolutionProperties) = preSolution
		HideSolutionNode = FALSE
	EndGlobalSection
	GlobalSection(ExtensibilityGlobals) = postSolution
		SolutionGuid = {BCE30565-742B-4635-8024-7D0D79435154}
	EndGlobalSection
EndGlobal
